{
  "name": "node-red-contrib-hdlbus",
  "version": "1.1.0",
  "lockfileVersion": 1,
  "requires": true,
  "dependencies": {
    "smart-bus": {
      "version": "file:../smart-bus",
      "requires": {
        "crc": "~3.4",
        "debug": "~2.6"
      },
      "dependencies": {
        "crc": {
          "version": "3.4.4",
          "bundled": true
        },
        "debug": {
          "version": "2.6.9",
          "bundled": true,
          "requires": {
            "ms": "2.0.0"
          }
        },
        "ms": {
          "version": "2.0.0",
          "bundled": true
        }
      }
    }
  }
}
