{
  "name": "node-red-contrib-hdl-buspro",
  "version": "1.1.6",
  "lockfileVersion": 3,
  "requires": true,
  "packages": {
    "": {
      "name": "node-red-contrib-hdl-buspro",
      "version": "1.1.6",
      "license": "MIT",
      "dependencies": {
        "hdl-buspro": "^0.5.5"
      }
    },
    "node_modules/crc": {
      "version": "3.4.4",
      "resolved": "https://registry.npmjs.org/crc/-/crc-3.4.4.tgz",
      "integrity": "sha1-naHpgOO9RPxck79as9ozeNheRms="
    },
    "node_modules/debug": {
      "version": "2.6.9",
      "resolved": "https://registry.npmjs.org/debug/-/debug-2.6.9.tgz",
      "integrity": "sha512-bC7ElrdJaJnPbAP+1EotYvqZsb3ecl5wi6Bfi6BJTUcNowp6cvspg0jXznRTKDjm/E7AdgFBVeAPVMNcKGsHMA==",
      "dependencies": {
        "ms": "2.0.0"
      }
    },
    "node_modules/hdl-buspro": {
      "version": "0.5.5",
      "resolved": "https://registry.npmjs.org/hdl-buspro/-/hdl-buspro-0.5.5.tgz",
      "integrity": "sha512-hENhFf9akj+kRX3sCIZ6FLHEb+y7s303d0HWnO2ae+6MxQMI7HdvnHT3BvONr0AMQXE5qjJfMMONCuUs5At2LA==",
      "dependencies": {
        "crc": "~3.4",
        "debug": "~2.6"
      },
      "engines": {
        "node": ">=0.12"
      }
    },
    "node_modules/ms": {
      "version": "2.0.0",
      "resolved": "https://registry.npmjs.org/ms/-/ms-2.0.0.tgz",
      "integrity": "sha1-VgiurfwAvmwpAd9fmGF4jeDVl8g="
    }
  }
}
